
Microsoft Visual Studio Solution File, Format Version 12.00
# Visual Studio 15
VisualStudioVersion = 15.0.27130.2010
MinimumVisualStudioVersion = 10.0.40219.1
Project("{FAE04EC0-301F-11D3-BF4B-00C04F79EFBC}") = "SS.UnWxapkg", "SS.UnWxapkg\SS.UnWxapkg.csproj", "{63F90AAD-360E-474A-9850-EC3B80A520F6}"
EndProject
Global
	GlobalSection(SolutionConfigurationPlatforms) = preSolution
		Debug|Any CPU = Debug|Any CPU
		Release|Any CPU = Release|Any CPU
	EndGlobalSection
	GlobalSection(ProjectConfigurationPlatforms) = postSolution
		{63F90AAD-360E-474A-9850-EC3B80A520F6}.Debug|Any CPU.ActiveCfg = Debug|Any CPU
		{63F90AAD-360E-474A-9850-EC3B80A520F6}.Debug|Any CPU.Build.0 = Debug|Any CPU
		{63F90AAD-360E-474A-9850-EC3B80A520F6}.Release|Any CPU.ActiveCfg = Release|Any CPU
		{63F90AAD-360E-474A-9850-EC3B80A520F6}.Release|Any CPU.Build.0 = Release|Any CPU
	EndGlobalSection
	GlobalSection(SolutionProperties) = preSolution
		HideSolutionNode = FALSE
	EndGlobalSection
	GlobalSection(ExtensibilityGlobals) = postSolution
		SolutionGuid = {35A301A7-397A-43FA-B659-A7CB0879C51E}
	EndGlobalSection
EndGlobal
